{
  "name": "hw6",
  "version": "1.0.0",
  "lockfileVersion": 2,
  "requires": true,
  "packages": {
    "": {
      "name": "hw6",
      "version": "1.0.0",
      "license": "ISC",
      "dependencies": {
        "dotenv-defaults": "^5.0.2"
      }
    },
    "node_modules/dotenv": {
      "version": "14.3.2",
      "resolved": "https://registry.npmjs.org/dotenv/-/dotenv-14.3.2.tgz",
      "integrity": "sha512-vwEppIphpFdvaMCaHfCEv9IgwcxMljMw2TnAQBB4VWPvzXQLTb82jwmdOKzlEVUL3gNFT4l4TPKO+Bn+sqcrVQ==",
      "engines": {
        "node": ">=12"
      }
    },
    "node_modules/dotenv-defaults": {
      "version": "5.0.2",
      "resolved": "https://registry.npmjs.org/dotenv-defaults/-/dotenv-defaults-5.0.2.tgz",
      "integrity": "sha512-y5z4NhblzwNk8XBIYVzjLcFkANK0rxbRDO6kGOfH9QrVYIGVEX52IqwSprKVsaLHM9pnNkCSxazZF/JPydDPvA==",
      "dependencies": {
        "dotenv": "^14.0.0"
      }
    }
  },
  "dependencies": {
    "dotenv": {
      "version": "14.3.2",
      "resolved": "https://registry.npmjs.org/dotenv/-/dotenv-14.3.2.tgz",
      "integrity": "sha512-vwEppIphpFdvaMCaHfCEv9IgwcxMljMw2TnAQBB4VWPvzXQLTb82jwmdOKzlEVUL3gNFT4l4TPKO+Bn+sqcrVQ=="
    },
    "dotenv-defaults": {
      "version": "5.0.2",
      "resolved": "https://registry.npmjs.org/dotenv-defaults/-/dotenv-defaults-5.0.2.tgz",
      "integrity": "sha512-y5z4NhblzwNk8XBIYVzjLcFkANK0rxbRDO6kGOfH9QrVYIGVEX52IqwSprKVsaLHM9pnNkCSxazZF/JPydDPvA==",
      "requires": {
        "dotenv": "^14.0.0"
      }
    }
  }
}
